
Microsoft Visual Studio Solution File, Format Version 12.00
# Visual Studio Version 17
VisualStudioVersion = 17.14.36511.14
MinimumVisualStudioVersion = 10.0.40219.1
Project("{2150E333-8FDC-42A3-9474-1A3956D46DE8}") = "ソリューション項目", "ソリューション項目", "{2022CB0F-8BAF-F49E-0C48-8EF4C96EC109}"
	ProjectSection(SolutionItems) = preProject
		.editorconfig = .editorconfig
	EndProjectSection
EndProject
Project("{8BC9CEB8-8B4A-11D0-8D11-00A0C91BC942}") = "0-1", "00-01\0-1.vcxproj", "{29CB9D97-7EE3-4BD9-9547-EC967EB7DAE7}"
EndProject
Project("{8BC9CEB8-8B4A-11D0-8D11-00A0C91BC942}") = "1-1", "01-01\1-1.vcxproj", "{E8BD530D-865A-43C9-B6D6-C8BD75036F2B}"
EndProject
Project("{8BC9CEB8-8B4A-11D0-8D11-00A0C91BC942}") = "1-2", "01-02\1-2.vcxproj", "{53E020CD-F5FC-4764-BA71-ADAECF06E2FD}"
EndProject
Project("{8BC9CEB8-8B4A-11D0-8D11-00A0C91BC942}") = "2-1", "02-01\2-1.vcxproj", "{EEA5B6D9-C498-40D2-B351-81E930D70CFA}"
EndProject
Project("{8BC9CEB8-8B4A-11D0-8D11-00A0C91BC942}") = "02-02", "02-02\02-02.vcxproj", "{60C29A5B-E850-4253-A55A-AD9D77070C4B}"
EndProject
Project("{8BC9CEB8-8B4A-11D0-8D11-00A0C91BC942}") = "02-03", "02-03\02-03.vcxproj", "{650FCABB-9957-4AF0-9383-C940EF9F4BBE}"
EndProject
Project("{8BC9CEB8-8B4A-11D0-8D11-00A0C91BC942}") = "02-04", "02-04\02-04.vcxproj", "{F046361F-0298-4A4D-9EE5-0C7BFFC2A732}"
EndProject
Project("{8BC9CEB8-8B4A-11D0-8D11-00A0C91BC942}") = "03-01", "03-01\03-01.vcxproj", "{369114D0-424D-4AA7-ACAA-6B9DDCBD8BD9}"
EndProject
Project("{8BC9CEB8-8B4A-11D0-8D11-00A0C91BC942}") = "03-02", "03-02\03-02.vcxproj", "{1A8F24BB-6418-4B7F-B17D-C3870B918A5F}"
EndProject
Global
	GlobalSection(SolutionConfigurationPlatforms) = preSolution
		Debug|x64 = Debug|x64
		Debug|x86 = Debug|x86
		Release|x64 = Release|x64
		Release|x86 = Release|x86
	EndGlobalSection
	GlobalSection(ProjectConfigurationPlatforms) = postSolution
		{29CB9D97-7EE3-4BD9-9547-EC967EB7DAE7}.Debug|x64.ActiveCfg = Debug|x64
		{29CB9D97-7EE3-4BD9-9547-EC967EB7DAE7}.Debug|x64.Build.0 = Debug|x64
		{29CB9D97-7EE3-4BD9-9547-EC967EB7DAE7}.Debug|x86.ActiveCfg = Debug|Win32
		{29CB9D97-7EE3-4BD9-9547-EC967EB7DAE7}.Debug|x86.Build.0 = Debug|Win32
		{29CB9D97-7EE3-4BD9-9547-EC967EB7DAE7}.Release|x64.ActiveCfg = Release|x64
		{29CB9D97-7EE3-4BD9-9547-EC967EB7DAE7}.Release|x64.Build.0 = Release|x64
		{29CB9D97-7EE3-4BD9-9547-EC967EB7DAE7}.Release|x86.ActiveCfg = Release|Win32
		{29CB9D97-7EE3-4BD9-9547-EC967EB7DAE7}.Release|x86.Build.0 = Release|Win32
		{E8BD530D-865A-43C9-B6D6-C8BD75036F2B}.Debug|x64.ActiveCfg = Debug|x64
		{E8BD530D-865A-43C9-B6D6-C8BD75036F2B}.Debug|x64.Build.0 = Debug|x64
		{E8BD530D-865A-43C9-B6D6-C8BD75036F2B}.Debug|x86.ActiveCfg = Debug|Win32
		{E8BD530D-865A-43C9-B6D6-C8BD75036F2B}.Debug|x86.Build.0 = Debug|Win32
		{E8BD530D-865A-43C9-B6D6-C8BD75036F2B}.Release|x64.ActiveCfg = Release|x64
		{E8BD530D-865A-43C9-B6D6-C8BD75036F2B}.Release|x64.Build.0 = Release|x64
		{E8BD530D-865A-43C9-B6D6-C8BD75036F2B}.Release|x86.ActiveCfg = Release|Win32
		{E8BD530D-865A-43C9-B6D6-C8BD75036F2B}.Release|x86.Build.0 = Release|Win32
		{53E020CD-F5FC-4764-BA71-ADAECF06E2FD}.Debug|x64.ActiveCfg = Debug|x64
		{53E020CD-F5FC-4764-BA71-ADAECF06E2FD}.Debug|x64.Build.0 = Debug|x64
		{53E020CD-F5FC-4764-BA71-ADAECF06E2FD}.Debug|x86.ActiveCfg = Debug|Win32
		{53E020CD-F5FC-4764-BA71-ADAECF06E2FD}.Debug|x86.Build.0 = Debug|Win32
		{53E020CD-F5FC-4764-BA71-ADAECF06E2FD}.Release|x64.ActiveCfg = Release|x64
		{53E020CD-F5FC-4764-BA71-ADAECF06E2FD}.Release|x64.Build.0 = Release|x64
		{53E020CD-F5FC-4764-BA71-ADAECF06E2FD}.Release|x86.ActiveCfg = Release|Win32
		{53E020CD-F5FC-4764-BA71-ADAECF06E2FD}.Release|x86.Build.0 = Release|Win32
		{EEA5B6D9-C498-40D2-B351-81E930D70CFA}.Debug|x64.ActiveCfg = Debug|x64
		{EEA5B6D9-C498-40D2-B351-81E930D70CFA}.Debug|x64.Build.0 = Debug|x64
		{EEA5B6D9-C498-40D2-B351-81E930D70CFA}.Debug|x86.ActiveCfg = Debug|Win32
		{EEA5B6D9-C498-40D2-B351-81E930D70CFA}.Debug|x86.Build.0 = Debug|Win32
		{EEA5B6D9-C498-40D2-B351-81E930D70CFA}.Release|x64.ActiveCfg = Release|x64
		{EEA5B6D9-C498-40D2-B351-81E930D70CFA}.Release|x64.Build.0 = Release|x64
		{EEA5B6D9-C498-40D2-B351-81E930D70CFA}.Release|x86.ActiveCfg = Release|Win32
		{EEA5B6D9-C498-40D2-B351-81E930D70CFA}.Release|x86.Build.0 = Release|Win32
		{60C29A5B-E850-4253-A55A-AD9D77070C4B}.Debug|x64.ActiveCfg = Debug|x64
		{60C29A5B-E850-4253-A55A-AD9D77070C4B}.Debug|x64.Build.0 = Debug|x64
		{60C29A5B-E850-4253-A55A-AD9D77070C4B}.Debug|x86.ActiveCfg = Debug|Win32
		{60C29A5B-E850-4253-A55A-AD9D77070C4B}.Debug|x86.Build.0 = Debug|Win32
		{60C29A5B-E850-4253-A55A-AD9D77070C4B}.Release|x64.ActiveCfg = Release|x64
		{60C29A5B-E850-4253-A55A-AD9D77070C4B}.Release|x64.Build.0 = Release|x64
		{60C29A5B-E850-4253-A55A-AD9D77070C4B}.Release|x86.ActiveCfg = Release|Win32
		{60C29A5B-E850-4253-A55A-AD9D77070C4B}.Release|x86.Build.0 = Release|Win32
		{650FCABB-9957-4AF0-9383-C940EF9F4BBE}.Debug|x64.ActiveCfg = Debug|x64
		{650FCABB-9957-4AF0-9383-C940EF9F4BBE}.Debug|x64.Build.0 = Debug|x64
		{650FCABB-9957-4AF0-9383-C940EF9F4BBE}.Debug|x86.ActiveCfg = Debug|Win32
		{650FCABB-9957-4AF0-9383-C940EF9F4BBE}.Debug|x86.Build.0 = Debug|Win32
		{650FCABB-9957-4AF0-9383-C940EF9F4BBE}.Release|x64.ActiveCfg = Release|x64
		{650FCABB-9957-4AF0-9383-C940EF9F4BBE}.Release|x64.Build.0 = Release|x64
		{650FCABB-9957-4AF0-9383-C940EF9F4BBE}.Release|x86.ActiveCfg = Release|Win32
		{650FCABB-9957-4AF0-9383-C940EF9F4BBE}.Release|x86.Build.0 = Release|Win32
		{F046361F-0298-4A4D-9EE5-0C7BFFC2A732}.Debug|x64.ActiveCfg = Debug|x64
		{F046361F-0298-4A4D-9EE5-0C7BFFC2A732}.Debug|x64.Build.0 = Debug|x64
		{F046361F-0298-4A4D-9EE5-0C7BFFC2A732}.Debug|x86.ActiveCfg = Debug|Win32
		{F046361F-0298-4A4D-9EE5-0C7BFFC2A732}.Debug|x86.Build.0 = Debug|Win32
		{F046361F-0298-4A4D-9EE5-0C7BFFC2A732}.Release|x64.ActiveCfg = Release|x64
		{F046361F-0298-4A4D-9EE5-0C7BFFC2A732}.Release|x64.Build.0 = Release|x64
		{F046361F-0298-4A4D-9EE5-0C7BFFC2A732}.Release|x86.ActiveCfg = Release|Win32
		{F046361F-0298-4A4D-9EE5-0C7BFFC2A732}.Release|x86.Build.0 = Release|Win32
		{369114D0-424D-4AA7-ACAA-6B9DDCBD8BD9}.Debug|x64.ActiveCfg = Debug|x64
		{369114D0-424D-4AA7-ACAA-6B9DDCBD8BD9}.Debug|x64.Build.0 = Debug|x64
		{369114D0-424D-4AA7-ACAA-6B9DDCBD8BD9}.Debug|x86.ActiveCfg = Debug|Win32
		{369114D0-424D-4AA7-ACAA-6B9DDCBD8BD9}.Debug|x86.Build.0 = Debug|Win32
		{369114D0-424D-4AA7-ACAA-6B9DDCBD8BD9}.Release|x64.ActiveCfg = Release|x64
		{369114D0-424D-4AA7-ACAA-6B9DDCBD8BD9}.Release|x64.Build.0 = Release|x64
		{369114D0-424D-4AA7-ACAA-6B9DDCBD8BD9}.Release|x86.ActiveCfg = Release|Win32
		{369114D0-424D-4AA7-ACAA-6B9DDCBD8BD9}.Release|x86.Build.0 = Release|Win32
		{1A8F24BB-6418-4B7F-B17D-C3870B918A5F}.Debug|x64.ActiveCfg = Debug|x64
		{1A8F24BB-6418-4B7F-B17D-C3870B918A5F}.Debug|x64.Build.0 = Debug|x64
		{1A8F24BB-6418-4B7F-B17D-C3870B918A5F}.Debug|x86.ActiveCfg = Debug|Win32
		{1A8F24BB-6418-4B7F-B17D-C3870B918A5F}.Debug|x86.Build.0 = Debug|Win32
		{1A8F24BB-6418-4B7F-B17D-C3870B918A5F}.Release|x64.ActiveCfg = Release|x64
		{1A8F24BB-6418-4B7F-B17D-C3870B918A5F}.Release|x64.Build.0 = Release|x64
		{1A8F24BB-6418-4B7F-B17D-C3870B918A5F}.Release|x86.ActiveCfg = Release|Win32
		{1A8F24BB-6418-4B7F-B17D-C3870B918A5F}.Release|x86.Build.0 = Release|Win32
	EndGlobalSection
	GlobalSection(SolutionProperties) = preSolution
		HideSolutionNode = FALSE
	EndGlobalSection
	GlobalSection(ExtensibilityGlobals) = postSolution
		SolutionGuid = {504CD6F4-B610-4934-B1BC-EE448E6EF071}
	EndGlobalSection
EndGlobal
